
Microsoft Visual Studio Solution File, Format Version 12.00
# Visual Studio Version 16
VisualStudioVersion = 16.0.31205.134
MinimumVisualStudioVersion = 10.0.40219.1
Project("{FAE04EC0-301F-11D3-BF4B-00C04F79EFBC}") = "DojoDDD.Api", "DojoDDD.Api\DojoDDD.Api.csproj", "{C8C2188F-FECE-4E3B-8881-A2EEA73FECBA}"
	ProjectSection(ProjectDependencies) = postProject
		{81FD57EA-FE14-480C-8364-054A923CE691} = {81FD57EA-FE14-480C-8364-054A923CE691}
	EndProjectSection
EndProject
Project("{FAE04EC0-301F-11D3-BF4B-00C04F79EFBC}") = "DojoDDD.Domain", "DojoDDD.Domain\DojoDDD.Domain.csproj", "{81FD57EA-FE14-480C-8364-054A923CE691}"
EndProject
Project("{FAE04EC0-301F-11D3-BF4B-00C04F79EFBC}") = "DojoDDD.Infrastructure", "DojoDDD.Infrastructure\DojoDDD.Infrastructure.csproj", "{1DA5F01F-395F-47B7-BA1E-7CD0045566E6}"
EndProject
Global
	GlobalSection(SolutionConfigurationPlatforms) = preSolution
		Debug|Any CPU = Debug|Any CPU
		Release|Any CPU = Release|Any CPU
	EndGlobalSection
	GlobalSection(ProjectConfigurationPlatforms) = postSolution
		{C8C2188F-FECE-4E3B-8881-A2EEA73FECBA}.Debug|Any CPU.ActiveCfg = Debug|Any CPU
		{C8C2188F-FECE-4E3B-8881-A2EEA73FECBA}.Debug|Any CPU.Build.0 = Debug|Any CPU
		{C8C2188F-FECE-4E3B-8881-A2EEA73FECBA}.Release|Any CPU.ActiveCfg = Release|Any CPU
		{C8C2188F-FECE-4E3B-8881-A2EEA73FECBA}.Release|Any CPU.Build.0 = Release|Any CPU
		{81FD57EA-FE14-480C-8364-054A923CE691}.Debug|Any CPU.ActiveCfg = Debug|Any CPU
		{81FD57EA-FE14-480C-8364-054A923CE691}.Debug|Any CPU.Build.0 = Debug|Any CPU
		{81FD57EA-FE14-480C-8364-054A923CE691}.Release|Any CPU.ActiveCfg = Release|Any CPU
		{81FD57EA-FE14-480C-8364-054A923CE691}.Release|Any CPU.Build.0 = Release|Any CPU
		{1DA5F01F-395F-47B7-BA1E-7CD0045566E6}.Debug|Any CPU.ActiveCfg = Debug|Any CPU
		{1DA5F01F-395F-47B7-BA1E-7CD0045566E6}.Debug|Any CPU.Build.0 = Debug|Any CPU
		{1DA5F01F-395F-47B7-BA1E-7CD0045566E6}.Release|Any CPU.ActiveCfg = Release|Any CPU
		{1DA5F01F-395F-47B7-BA1E-7CD0045566E6}.Release|Any CPU.Build.0 = Release|Any CPU
	EndGlobalSection
	GlobalSection(SolutionProperties) = preSolution
		HideSolutionNode = FALSE
	EndGlobalSection
	GlobalSection(ExtensibilityGlobals) = postSolution
		SolutionGuid = {7385E2F8-343D-4DCB-996A-E32523C2A754}
	EndGlobalSection
EndGlobal
